
Microsoft Visual Studio Solution File, Format Version 12.00
# Visual Studio Version 16
VisualStudioVersion = 16.0.30717.126
MinimumVisualStudioVersion = 10.0.40219.1
Project("{FAE04EC0-301F-11D3-BF4B-00C04F79EFBC}") = "ReservationBackend.API", "ReservationBackend.API\ReservationBackend.API.csproj", "{D7FAE0E5-8CBA-472B-B5E3-C4AE3CFE1BB7}"
EndProject
Project("{FAE04EC0-301F-11D3-BF4B-00C04F79EFBC}") = "ReservationBackend", "ReservationBackend\ReservationBackend.csproj", "{CE728632-38E4-4AE5-BCDB-7987831CDC28}"
EndProject
Global
	GlobalSection(SolutionConfigurationPlatforms) = preSolution
		Debug|Any CPU = Debug|Any CPU
		Release|Any CPU = Release|Any CPU
	EndGlobalSection
	GlobalSection(ProjectConfigurationPlatforms) = postSolution
		{D7FAE0E5-8CBA-472B-B5E3-C4AE3CFE1BB7}.Debug|Any CPU.ActiveCfg = Debug|Any CPU
		{D7FAE0E5-8CBA-472B-B5E3-C4AE3CFE1BB7}.Debug|Any CPU.Build.0 = Debug|Any CPU
		{D7FAE0E5-8CBA-472B-B5E3-C4AE3CFE1BB7}.Release|Any CPU.ActiveCfg = Release|Any CPU
		{D7FAE0E5-8CBA-472B-B5E3-C4AE3CFE1BB7}.Release|Any CPU.Build.0 = Release|Any CPU
		{CE728632-38E4-4AE5-BCDB-7987831CDC28}.Debug|Any CPU.ActiveCfg = Debug|Any CPU
		{CE728632-38E4-4AE5-BCDB-7987831CDC28}.Debug|Any CPU.Build.0 = Debug|Any CPU
		{CE728632-38E4-4AE5-BCDB-7987831CDC28}.Release|Any CPU.ActiveCfg = Release|Any CPU
		{CE728632-38E4-4AE5-BCDB-7987831CDC28}.Release|Any CPU.Build.0 = Release|Any CPU
	EndGlobalSection
	GlobalSection(SolutionProperties) = preSolution
		HideSolutionNode = FALSE
	EndGlobalSection
	GlobalSection(ExtensibilityGlobals) = postSolution
		SolutionGuid = {A6F34A5A-C45B-4530-A694-D0A0195A274D}
	EndGlobalSection
EndGlobal
